
Microsoft Visual Studio Solution File, Format Version 12.00
# Visual Studio 14
VisualStudioVersion = 14.0.25420.1
MinimumVisualStudioVersion = 10.0.40219.1
Project("{8BC9CEB8-8B4A-11D0-8D11-00A0C91BC942}") = "calibration", "calibration\calibration.vcxproj", "{5957ADF4-53B9-4FDE-BF9F-04132CED6762}"
EndProject
Project("{8BC9CEB8-8B4A-11D0-8D11-00A0C91BC942}") = "MyCapture", "MyCapture\MyCapture.vcxproj", "{998F7F7B-444B-4400-9E8A-348109517E5E}"
EndProject
Global
	GlobalSection(SolutionConfigurationPlatforms) = preSolution
		Debug|Win32 = Debug|Win32
		Debug|x64 = Debug|x64
		Release|Win32 = Release|Win32
		Release|x64 = Release|x64
	EndGlobalSection
	GlobalSection(ProjectConfigurationPlatforms) = postSolution
		{5957ADF4-53B9-4FDE-BF9F-04132CED6762}.Debug|Win32.ActiveCfg = Debug|Win32
		{5957ADF4-53B9-4FDE-BF9F-04132CED6762}.Debug|Win32.Build.0 = Debug|Win32
		{5957ADF4-53B9-4FDE-BF9F-04132CED6762}.Debug|x64.ActiveCfg = Debug|Win32
		{5957ADF4-53B9-4FDE-BF9F-04132CED6762}.Release|Win32.ActiveCfg = Release|Win32
		{5957ADF4-53B9-4FDE-BF9F-04132CED6762}.Release|Win32.Build.0 = Release|Win32
		{5957ADF4-53B9-4FDE-BF9F-04132CED6762}.Release|x64.ActiveCfg = Release|Win32
		{998F7F7B-444B-4400-9E8A-348109517E5E}.Debug|Win32.ActiveCfg = Debug|Win32
		{998F7F7B-444B-4400-9E8A-348109517E5E}.Debug|Win32.Build.0 = Debug|Win32
		{998F7F7B-444B-4400-9E8A-348109517E5E}.Debug|x64.ActiveCfg = Debug|x64
		{998F7F7B-444B-4400-9E8A-348109517E5E}.Debug|x64.Build.0 = Debug|x64
		{998F7F7B-444B-4400-9E8A-348109517E5E}.Release|Win32.ActiveCfg = Release|Win32
		{998F7F7B-444B-4400-9E8A-348109517E5E}.Release|Win32.Build.0 = Release|Win32
		{998F7F7B-444B-4400-9E8A-348109517E5E}.Release|x64.ActiveCfg = Release|x64
		{998F7F7B-444B-4400-9E8A-348109517E5E}.Release|x64.Build.0 = Release|x64
	EndGlobalSection
	GlobalSection(SolutionProperties) = preSolution
		HideSolutionNode = FALSE
	EndGlobalSection
EndGlobal
